
Microsoft Visual Studio Solution File, Format Version 12.00
# Visual Studio Version 16
VisualStudioVersion = 16.0.30114.105
MinimumVisualStudioVersion = 10.0.40219.1
Project("{FAE04EC0-301F-11D3-BF4B-00C04F79EFBC}") = "BD_SemOrientacaoObjeto", "BD_SemOrientacaoObjeto\BD_SemOrientacaoObjeto.csproj", "{98DBA7AE-4501-4B43-B726-640705F0AFCB}"
EndProject
Global
	GlobalSection(SolutionConfigurationPlatforms) = preSolution
		Debug|Any CPU = Debug|Any CPU
		Release|Any CPU = Release|Any CPU
	EndGlobalSection
	GlobalSection(ProjectConfigurationPlatforms) = postSolution
		{98DBA7AE-4501-4B43-B726-640705F0AFCB}.Debug|Any CPU.ActiveCfg = Debug|Any CPU
		{98DBA7AE-4501-4B43-B726-640705F0AFCB}.Debug|Any CPU.Build.0 = Debug|Any CPU
		{98DBA7AE-4501-4B43-B726-640705F0AFCB}.Release|Any CPU.ActiveCfg = Release|Any CPU
		{98DBA7AE-4501-4B43-B726-640705F0AFCB}.Release|Any CPU.Build.0 = Release|Any CPU
	EndGlobalSection
	GlobalSection(SolutionProperties) = preSolution
		HideSolutionNode = FALSE
	EndGlobalSection
	GlobalSection(ExtensibilityGlobals) = postSolution
		SolutionGuid = {C5E63DB3-1DCA-497E-9A61-15F192939C4D}
	EndGlobalSection
EndGlobal
